
Microsoft Visual Studio Solution File, Format Version 12.00
# Visual Studio Version 17
VisualStudioVersion = 17.1.32319.34
MinimumVisualStudioVersion = 10.0.40219.1
Project("{FAE04EC0-301F-11D3-BF4B-00C04F79EFBC}") = "SE-126MainConsoleApp", "SE-126MainConsoleApp\SE-126MainConsoleApp.csproj", "{0804E7C7-DB2C-4501-8A79-F65E035986C7}"
EndProject
Global
	GlobalSection(SolutionConfigurationPlatforms) = preSolution
		Debug|Any CPU = Debug|Any CPU
		Release|Any CPU = Release|Any CPU
	EndGlobalSection
	GlobalSection(ProjectConfigurationPlatforms) = postSolution
		{0804E7C7-DB2C-4501-8A79-F65E035986C7}.Debug|Any CPU.ActiveCfg = Debug|Any CPU
		{0804E7C7-DB2C-4501-8A79-F65E035986C7}.Debug|Any CPU.Build.0 = Debug|Any CPU
		{0804E7C7-DB2C-4501-8A79-F65E035986C7}.Release|Any CPU.ActiveCfg = Release|Any CPU
		{0804E7C7-DB2C-4501-8A79-F65E035986C7}.Release|Any CPU.Build.0 = Release|Any CPU
	EndGlobalSection
	GlobalSection(SolutionProperties) = preSolution
		HideSolutionNode = FALSE
	EndGlobalSection
	GlobalSection(ExtensibilityGlobals) = postSolution
		SolutionGuid = {CD1E2CE1-0E2E-47CA-83CA-BB1F9CAB0634}
	EndGlobalSection
EndGlobal
